
Microsoft Visual Studio Solution File, Format Version 12.00
# Visual Studio Version 17
VisualStudioVersion = 17.8.34309.116
MinimumVisualStudioVersion = 10.0.40219.1
Project("{FAE04EC0-301F-11D3-BF4B-00C04F79EFBC}") = "Pouyana", "Pouyana\Pouyana.csproj", "{E5BD64CF-2182-4CEE-AB3D-4EAA87C69267}"
EndProject
Project("{FAE04EC0-301F-11D3-BF4B-00C04F79EFBC}") = "MyBlazorLibraries", "MyBlazorLibraries\MyBlazorLibraries.csproj", "{6D220C1C-97CB-4CE2-8DCD-EA9AF7726913}"
EndProject
Global
	GlobalSection(SolutionConfigurationPlatforms) = preSolution
		Debug|Any CPU = Debug|Any CPU
		Release|Any CPU = Release|Any CPU
	EndGlobalSection
	GlobalSection(ProjectConfigurationPlatforms) = postSolution
		{E5BD64CF-2182-4CEE-AB3D-4EAA87C69267}.Debug|Any CPU.ActiveCfg = Debug|Any CPU
		{E5BD64CF-2182-4CEE-AB3D-4EAA87C69267}.Debug|Any CPU.Build.0 = Debug|Any CPU
		{E5BD64CF-2182-4CEE-AB3D-4EAA87C69267}.Release|Any CPU.ActiveCfg = Release|Any CPU
		{E5BD64CF-2182-4CEE-AB3D-4EAA87C69267}.Release|Any CPU.Build.0 = Release|Any CPU
		{6D220C1C-97CB-4CE2-8DCD-EA9AF7726913}.Debug|Any CPU.ActiveCfg = Debug|Any CPU
		{6D220C1C-97CB-4CE2-8DCD-EA9AF7726913}.Debug|Any CPU.Build.0 = Debug|Any CPU
		{6D220C1C-97CB-4CE2-8DCD-EA9AF7726913}.Release|Any CPU.ActiveCfg = Release|Any CPU
		{6D220C1C-97CB-4CE2-8DCD-EA9AF7726913}.Release|Any CPU.Build.0 = Release|Any CPU
	EndGlobalSection
	GlobalSection(SolutionProperties) = preSolution
		HideSolutionNode = FALSE
	EndGlobalSection
	GlobalSection(ExtensibilityGlobals) = postSolution
		SolutionGuid = {86613A99-5202-46D6-9E69-909625A05E81}
	EndGlobalSection
EndGlobal
